// !$*UTF8*$!
{
	archiveVersion = 1;
	classes = {
	};
	objectVersion = 46;
	objects = {

/* Begin PBXBuildFile section */
		E728314D1CEC3BE0000C8EDD /* MSRequest.swift in Sources */ = {isa = PBXBuildFile; fileRef = E728314C1CEC3BE0000C8EDD /* MSRequest.swift */; };
		E728314F1CEC5D4C000C8EDD /* IBMReques.swift in Sources */ = {isa = PBXBuildFile; fileRef = E728314E1CEC5D4C000C8EDD /* IBMReques.swift */; };
		E76E23681CED8A6A007E9436 /* SettingViewController.swift in Sources */ = {isa = PBXBuildFile; fileRef = E76E23671CED8A6A007E9436 /* SettingViewController.swift */; };
		E7F096091CE81745006F1122 /* AppDelegate.swift in Sources */ = {isa = PBXBuildFile; fileRef = E7F096081CE81745006F1122 /* AppDelegate.swift */; };
		E7F0960B1CE81745006F1122 /* ViewController.swift in Sources */ = {isa = PBXBuildFile; fileRef = E7F0960A1CE81745006F1122 /* ViewController.swift */; };
		E7F0960E1CE81745006F1122 /* Main.storyboard in Resources */ = {isa = PBXBuildFile; fileRef = E7F0960C1CE81745006F1122 /* Main.storyboard */; };
		E7F096111CE81745006F1122 /* basicCamera.xcdatamodeld in Sources */ = {isa = PBXBuildFile; fileRef = E7F0960F1CE81745006F1122 /* basicCamera.xcdatamodeld */; };
		E7F096131CE81745006F1122 /* Assets.xcassets in Resources */ = {isa = PBXBuildFile; fileRef = E7F096121CE81745006F1122 /* Assets.xcassets */; };
		E7F096161CE81745006F1122 /* LaunchScreen.storyboard in Resources */ = {isa = PBXBuildFile; fileRef = E7F096141CE81745006F1122 /* LaunchScreen.storyboard */; };
		E7F5D4641CEAF03300FAD5BA /* APIKeys.swift in Sources */ = {isa = PBXBuildFile; fileRef = E7F5D4631CEAF03300FAD5BA /* APIKeys.swift */; };
		E7F5D4661CEAFD6900FAD5BA /* GoogleRequest.swift in Sources */ = {isa = PBXBuildFile; fileRef = E7F5D4651CEAFD6900FAD5BA /* GoogleRequest.swift */; };
		E7F5D4681CEAFDC600FAD5BA /* APIRequest.swift in Sources */ = {isa = PBXBuildFile; fileRef = E7F5D4671CEAFDC600FAD5BA /* APIRequest.swift */; };
/* End PBXBuildFile section */

/* Begin PBXFileReference section */
		E728314C1CEC3BE0000C8EDD /* MSRequest.swift */ = {isa = PBXFileReference; fileEncoding = 4; lastKnownFileType = sourcecode.swift; path = MSRequest.swift; sourceTree = "<group>"; };
		E728314E1CEC5D4C000C8EDD /* IBMReques.swift */ = {isa = PBXFileReference; fileEncoding = 4; lastKnownFileType = sourcecode.swift; path = IBMReques.swift; sourceTree = "<group>"; };
		E76E23671CED8A6A007E9436 /* SettingViewController.swift */ = {isa = PBXFileReference; fileEncoding = 4; lastKnownFileType = sourcecode.swift; path = SettingViewController.swift; sourceTree = "<group>"; };
		E7F096051CE81745006F1122 /* basicCamera.app */ = {isa = PBXFileReference; explicitFileType = wrapper.application; includeInIndex = 0; path = basicCamera.app; sourceTree = BUILT_PRODUCTS_DIR; };
		E7F096081CE81745006F1122 /* AppDelegate.swift */ = {isa = PBXFileReference; lastKnownFileType = sourcecode.swift; path = AppDelegate.swift; sourceTree = "<group>"; };
		E7F0960A1CE81745006F1122 /* ViewController.swift */ = {isa = PBXFileReference; lastKnownFileType = sourcecode.swift; path = ViewController.swift; sourceTree = "<group>"; };
		E7F0960D1CE81745006F1122 /* Base */ = {isa = PBXFileReference; lastKnownFileType = file.storyboard; name = Base; path = Base.lproj/Main.storyboard; sourceTree = "<group>"; };
		E7F096101CE81745006F1122 /* basicCamera.xcdatamodel */ = {isa = PBXFileReference; lastKnownFileType = wrapper.xcdatamodel; path = basicCamera.xcdatamodel; sourceTree = "<group>"; };
		E7F096121CE81745006F1122 /* Assets.xcassets */ = {isa = PBXFileReference; lastKnownFileType = folder.assetcatalog; path = Assets.xcassets; sourceTree = "<group>"; };
		E7F096151CE81745006F1122 /* Base */ = {isa = PBXFileReference; lastKnownFileType = file.storyboard; name = Base; path = Base.lproj/LaunchScreen.storyboard; sourceTree = "<group>"; };
		E7F096171CE81745006F1122 /* Info.plist */ = {isa = PBXFileReference; lastKnownFileType = text.plist.xml; path = Info.plist; sourceTree = "<group>"; };
		E7F5D4631CEAF03300FAD5BA /* APIKeys.swift */ = {isa = PBXFileReference; fileEncoding = 4; lastKnownFileType = sourcecode.swift; path = APIKeys.swift; sourceTree = "<group>"; };
		E7F5D4651CEAFD6900FAD5BA /* GoogleRequest.swift */ = {isa = PBXFileReference; fileEncoding = 4; lastKnownFileType = sourcecode.swift; path = GoogleRequest.swift; sourceTree = "<group>"; };
		E7F5D4671CEAFDC600FAD5BA /* APIRequest.swift */ = {isa = PBXFileReference; fileEncoding = 4; lastKnownFileType = sourcecode.swift; path = APIRequest.swift; sourceTree = "<group>"; };
/* End PBXFileReference section */

/* Begin PBXFrameworksBuildPhase section */
		E7F096021CE81745006F1122 /* Frameworks */ = {
			isa = PBXFrameworksBuildPhase;
			buildActionMask = 2147483647;
			files = (
			);
			runOnlyForDeploymentPostprocessing = 0;
		};
/* End PBXFrameworksBuildPhase section */

/* Begin PBXGroup section */
		E7F095FC1CE81745006F1122 = {
			isa = PBXGroup;
			children = (
				E7F096071CE81745006F1122 /* basicCamera */,
				E7F096061CE81745006F1122 /* Products */,
			);
			sourceTree = "<group>";
		};
		E7F096061CE81745006F1122 /* Products */ = {
			isa = PBXGroup;
			children = (
				E7F096051CE81745006F1122 /* basicCamera.app */,
			);
			name = Products;
			sourceTree = "<group>";
		};
		E7F096071CE81745006F1122 /* basicCamera */ = {
			isa = PBXGroup;
			children = (
				E7F096081CE81745006F1122 /* AppDelegate.swift */,
				E7F0960A1CE81745006F1122 /* ViewController.swift */,
				E76E23671CED8A6A007E9436 /* SettingViewController.swift */,
				E7F0960C1CE81745006F1122 /* Main.storyboard */,
				E7F096121CE81745006F1122 /* Assets.xcassets */,
				E7F096141CE81745006F1122 /* LaunchScreen.storyboard */,
				E7F096171CE81745006F1122 /* Info.plist */,
				E7F0960F1CE81745006F1122 /* basicCamera.xcdatamodeld */,
				E7F5D4631CEAF03300FAD5BA /* APIKeys.swift */,
				E7F5D4671CEAFDC600FAD5BA /* APIRequest.swift */,
				E7F5D4651CEAFD6900FAD5BA /* GoogleRequest.swift */,
				E728314C1CEC3BE0000C8EDD /* MSRequest.swift */,
				E728314E1CEC5D4C000C8EDD /* IBMReques.swift */,
			);
			path = basicCamera;
			sourceTree = "<group>";
		};
/* End PBXGroup section */

/* Begin PBXNativeTarget section */
		E7F096041CE81745006F1122 /* basicCamera */ = {
			isa = PBXNativeTarget;
			buildConfigurationList = E7F0961A1CE81745006F1122 /* Build configuration list for PBXNativeTarget "basicCamera" */;
			buildPhases = (
				E7F096011CE81745006F1122 /* Sources */,
				E7F096021CE81745006F1122 /* Frameworks */,
				E7F096031CE81745006F1122 /* Resources */,
			);
			buildRules = (
			);
			dependencies = (
			);
			name = basicCamera;
			productName = basicCamera;
			productReference = E7F096051CE81745006F1122 /* basicCamera.app */;
			productType = "com.apple.product-type.application";
		};
/* End PBXNativeTarget section */

/* Begin PBXProject section */
		E7F095FD1CE81745006F1122 /* Project object */ = {
			isa = PBXProject;
			attributes = {
				LastSwiftUpdateCheck = 0730;
				LastUpgradeCheck = 0730;
				ORGANIZATIONNAME = koki;
				TargetAttributes = {
					E7F096041CE81745006F1122 = {
						CreatedOnToolsVersion = 7.3.1;
					};
				};
			};
			buildConfigurationList = E7F096001CE81745006F1122 /* Build configuration list for PBXProject "basicCamera" */;
			compatibilityVersion = "Xcode 3.2";
			developmentRegion = English;
			hasScannedForEncodings = 0;
			knownRegions = (
				en,
				Base,
			);
			mainGroup = E7F095FC1CE81745006F1122;
			productRefGroup = E7F096061CE81745006F1122 /* Products */;
			projectDirPath = "";
			projectRoot = "";
			targets = (
				E7F096041CE81745006F1122 /* basicCamera */,
			);
		};
/* End PBXProject section */

/* Begin PBXResourcesBuildPhase section */
		E7F096031CE81745006F1122 /* Resources */ = {
			isa = PBXResourcesBuildPhase;
			buildActionMask = 2147483647;
			files = (
				E7F096161CE81745006F1122 /* LaunchScreen.storyboard in Resources */,
				E7F096131CE81745006F1122 /* Assets.xcassets in Resources */,
				E7F0960E1CE81745006F1122 /* Main.storyboard in Resources */,
			);
			runOnlyForDeploymentPostprocessing = 0;
		};
/* End PBXResourcesBuildPhase section */

/* Begin PBXSourcesBuildPhase section */
		E7F096011CE81745006F1122 /* Sources */ = {
			isa = PBXSourcesBuildPhase;
			buildActionMask = 2147483647;
			files = (
				E7F0960B1CE81745006F1122 /* ViewController.swift in Sources */,
				E7F096111CE81745006F1122 /* basicCamera.xcdatamodeld in Sources */,
				E7F5D4661CEAFD6900FAD5BA /* GoogleRequest.swift in Sources */,
				E7F5D4641CEAF03300FAD5BA /* APIKeys.swift in Sources */,
				E7F5D4681CEAFDC600FAD5BA /* APIRequest.swift in Sources */,
				E76E23681CED8A6A007E9436 /* SettingViewController.swift in Sources */,
				E728314D1CEC3BE0000C8EDD /* MSRequest.swift in Sources */,
				E7F096091CE81745006F1122 /* AppDelegate.swift in Sources */,
				E728314F1CEC5D4C000C8EDD /* IBMReques.swift in Sources */,
			);
			runOnlyForDeploymentPostprocessing = 0;
		};
/* End PBXSourcesBuildPhase section */

/* Begin PBXVariantGroup section */
		E7F0960C1CE81745006F1122 /* Main.storyboard */ = {
			isa = PBXVariantGroup;
			children = (
				E7F0960D1CE81745006F1122 /* Base */,
			);
			name = Main.storyboard;
			sourceTree = "<group>";
		};
		E7F096141CE81745006F1122 /* LaunchScreen.storyboard */ = {
			isa = PBXVariantGroup;
			children = (
				E7F096151CE81745006F1122 /* Base */,
			);
			name = LaunchScreen.storyboard;
			sourceTree = "<group>";
		};
/* End PBXVariantGroup section */

/* Begin XCBuildConfiguration section */
		E7F096181CE81745006F1122 /* Debug */ = {
			isa = XCBuildConfiguration;
			buildSettings = {
				ALWAYS_SEARCH_USER_PATHS = NO;
				CLANG_ANALYZER_NONNULL = YES;
				CLANG_CXX_LANGUAGE_STANDARD = "gnu++0x";
				CLANG_CXX_LIBRARY = "libc++";
				CLANG_ENABLE_MODULES = YES;
				CLANG_ENABLE_OBJC_ARC = YES;
				CLANG_WARN_BOOL_CONVERSION = YES;
				CLANG_WARN_CONSTANT_CONVERSION = YES;
				CLANG_WARN_DIRECT_OBJC_ISA_USAGE = YES_ERROR;
				CLANG_WARN_EMPTY_BODY = YES;
				CLANG_WARN_ENUM_CONVERSION = YES;
				CLANG_WARN_INT_CONVERSION = YES;
				CLANG_WARN_OBJC_ROOT_CLASS = YES_ERROR;
				CLANG_WARN_UNREACHABLE_CODE = YES;
				CLANG_WARN__DUPLICATE_METHOD_MATCH = YES;
				"CODE_SIGN_IDENTITY[sdk=iphoneos*]" = "iPhone Developer";
				COPY_PHASE_STRIP = NO;
				DEBUG_INFORMATION_FORMAT = dwarf;
				ENABLE_STRICT_OBJC_MSGSEND = YES;
				ENABLE_TESTABILITY = YES;
				GCC_C_LANGUAGE_STANDARD = gnu99;
				GCC_DYNAMIC_NO_PIC = NO;
				GCC_NO_COMMON_BLOCKS = YES;
				GCC_OPTIMIZATION_LEVEL = 0;
				GCC_PREPROCESSOR_DEFINITIONS = (
					"DEBUG=1",
					"$(inherited)",
				);
				GCC_WARN_64_TO_32_BIT_CONVERSION = YES;
				GCC_WARN_ABOUT_RETURN_TYPE = YES_ERROR;
				GCC_WARN_UNDECLARED_SELECTOR = YES;
				GCC_WARN_UNINITIALIZED_AUTOS = YES_AGGRESSIVE;
				GCC_WARN_UNUSED_FUNCTION = YES;
				GCC_WARN_UNUSED_VARIABLE = YES;
				IPHONEOS_DEPLOYMENT_TARGET = 9.3;
				MTL_ENABLE_DEBUG_INFO = YES;
				ONLY_ACTIVE_ARCH = YES;
				SDKROOT = iphoneos;
				SWIFT_OPTIMIZATION_LEVEL = "-Onone";
			};
			name = Debug;
		};
		E7F096191CE81745006F1122 /* Release */ = {
			isa = XCBuildConfiguration;
			buildSettings = {
				ALWAYS_SEARCH_USER_PATHS = NO;
				CLANG_ANALYZER_NONNULL = YES;
				CLANG_CXX_LANGUAGE_STANDARD = "gnu++0x";
				CLANG_CXX_LIBRARY = "libc++";
				CLANG_ENABLE_MODULES = YES;
				CLANG_ENABLE_OBJC_ARC = YES;
				CLANG_WARN_BOOL_CONVERSION = YES;
				CLANG_WARN_CONSTANT_CONVERSION = YES;
				CLANG_WARN_DIRECT_OBJC_ISA_USAGE = YES_ERROR;
				CLANG_WARN_EMPTY_BODY = YES;
				CLANG_WARN_ENUM_CONVERSION = YES;
				CLANG_WARN_INT_CONVERSION = YES;
				CLANG_WARN_OBJC_ROOT_CLASS = YES_ERROR;
				CLANG_WARN_UNREACHABLE_CODE = YES;
				CLANG_WARN__DUPLICATE_METHOD_MATCH = YES;
				"CODE_SIGN_IDENTITY[sdk=iphoneos*]" = "iPhone Developer";
				COPY_PHASE_STRIP = NO;
				DEBUG_INFORMATION_FORMAT = "dwarf-with-dsym";
				ENABLE_NS_ASSERTIONS = NO;
				ENABLE_STRICT_OBJC_MSGSEND = YES;
				GCC_C_LANGUAGE_STANDARD = gnu99;
				GCC_NO_COMMON_BLOCKS = YES;
				GCC_WARN_64_TO_32_BIT_CONVERSION = YES;
				GCC_WARN_ABOUT_RETURN_TYPE = YES_ERROR;
				GCC_WARN_UNDECLARED_SELECTOR = YES;
				GCC_WARN_UNINITIALIZED_AUTOS = YES_AGGRESSIVE;
				GCC_WARN_UNUSED_FUNCTION = YES;
				GCC_WARN_UNUSED_VARIABLE = YES;
				IPHONEOS_DEPLOYMENT_TARGET = 9.3;
				MTL_ENABLE_DEBUG_INFO = NO;
				SDKROOT = iphoneos;
				VALIDATE_PRODUCT = YES;
			};
			name = Release;
		};
		E7F0961B1CE81745006F1122 /* Debug */ = {
			isa = XCBuildConfiguration;
			buildSettings = {
				ASSETCATALOG_COMPILER_APPICON_NAME = AppIcon;
				INFOPLIST_FILE = basicCamera/Info.plist;
				LD_RUNPATH_SEARCH_PATHS = "$(inherited) @executable_path/Frameworks";
				PRODUCT_BUNDLE_IDENTIFIER = org.gohannnotomo.basicCamera;
				PRODUCT_NAME = "$(TARGET_NAME)";
			};
			name = Debug;
		};
		E7F0961C1CE81745006F1122 /* Release */ = {
			isa = XCBuildConfiguration;
			buildSettings = {
				ASSETCATALOG_COMPILER_APPICON_NAME = AppIcon;
				INFOPLIST_FILE = basicCamera/Info.plist;
				LD_RUNPATH_SEARCH_PATHS = "$(inherited) @executable_path/Frameworks";
				PRODUCT_BUNDLE_IDENTIFIER = org.gohannnotomo.basicCamera;
				PRODUCT_NAME = "$(TARGET_NAME)";
			};
			name = Release;
		};
/* End XCBuildConfiguration section */

/* Begin XCConfigurationList section */
		E7F096001CE81745006F1122 /* Build configuration list for PBXProject "basicCamera" */ = {
			isa = XCConfigurationList;
			buildConfigurations = (
				E7F096181CE81745006F1122 /* Debug */,
				E7F096191CE81745006F1122 /* Release */,
			);
			defaultConfigurationIsVisible = 0;
			defaultConfigurationName = Release;
		};
		E7F0961A1CE81745006F1122 /* Build configuration list for PBXNativeTarget "basicCamera" */ = {
			isa = XCConfigurationList;
			buildConfigurations = (
				E7F0961B1CE81745006F1122 /* Debug */,
				E7F0961C1CE81745006F1122 /* Release */,
			);
			defaultConfigurationIsVisible = 0;
			defaultConfigurationName = Release;
		};
/* End XCConfigurationList section */

/* Begin XCVersionGroup section */
		E7F0960F1CE81745006F1122 /* basicCamera.xcdatamodeld */ = {
			isa = XCVersionGroup;
			children = (
				E7F096101CE81745006F1122 /* basicCamera.xcdatamodel */,
			);
			currentVersion = E7F096101CE81745006F1122 /* basicCamera.xcdatamodel */;
			path = basicCamera.xcdatamodeld;
			sourceTree = "<group>";
			versionGroupType = wrapper.xcdatamodel;
		};
/* End XCVersionGroup section */
	};
	rootObject = E7F095FD1CE81745006F1122 /* Project object */;
}
